// !$*UTF8*$!
{
	archiveVersion = 1;
	classes = {
	};
	objectVersion = 50;
	objects = {

/* Begin PBXBuildFile section */
		5477800A249EA6CD00A6CB40 /* AppDelegate.swift in Sources */ = {isa = PBXBuildFile; fileRef = 54778009249EA6CD00A6CB40 /* AppDelegate.swift */; };
		54778013249EA6CD00A6CB40 /* Assets.xcassets in Resources */ = {isa = PBXBuildFile; fileRef = 54778012249EA6CD00A6CB40 /* Assets.xcassets */; };
		54778016249EA6CD00A6CB40 /* LaunchScreen.storyboard in Resources */ = {isa = PBXBuildFile; fileRef = 54778014249EA6CD00A6CB40 /* LaunchScreen.storyboard */; };
		5477802C249EA6CD00A6CB40 /* TicTacToeUITests.swift in Sources */ = {isa = PBXBuildFile; fileRef = 5477802B249EA6CD00A6CB40 /* TicTacToeUITests.swift */; };
		5477806E249EAB9000A6CB40 /* GameViewController.swift in Sources */ = {isa = PBXBuildFile; fileRef = 5477806C249EAB9000A6CB40 /* GameViewController.swift */; };
		5477806F249EAB9000A6CB40 /* GameViewController.xib in Resources */ = {isa = PBXBuildFile; fileRef = 5477806D249EAB9000A6CB40 /* GameViewController.xib */; };
		547780A3249EB43900A6CB40 /* UIStackView+Extensions.swift in Sources */ = {isa = PBXBuildFile; fileRef = 547780A2249EB43900A6CB40 /* UIStackView+Extensions.swift */; };
		547780A8249EBB9B00A6CB40 /* GameTests.swift in Sources */ = {isa = PBXBuildFile; fileRef = 547780A7249EBB9B00A6CB40 /* GameTests.swift */; };
		547780AB249EC04900A6CB40 /* Game.swift in Sources */ = {isa = PBXBuildFile; fileRef = 547780AA249EC04900A6CB40 /* Game.swift */; };
		547780AD249EC1AC00A6CB40 /* Player.swift in Sources */ = {isa = PBXBuildFile; fileRef = 547780AC249EC1AC00A6CB40 /* Player.swift */; };
		547780AF249EC1BE00A6CB40 /* GameStatusInfo.swift in Sources */ = {isa = PBXBuildFile; fileRef = 547780AE249EC1BE00A6CB40 /* GameStatusInfo.swift */; };
/* End PBXBuildFile section */

/* Begin PBXContainerItemProxy section */
		5477801D249EA6CD00A6CB40 /* PBXContainerItemProxy */ = {
			isa = PBXContainerItemProxy;
			containerPortal = 54777FFE249EA6CC00A6CB40 /* Project object */;
			proxyType = 1;
			remoteGlobalIDString = 54778005249EA6CC00A6CB40;
			remoteInfo = TicTacToe;
		};
		54778028249EA6CD00A6CB40 /* PBXContainerItemProxy */ = {
			isa = PBXContainerItemProxy;
			containerPortal = 54777FFE249EA6CC00A6CB40 /* Project object */;
			proxyType = 1;
			remoteGlobalIDString = 54778005249EA6CC00A6CB40;
			remoteInfo = TicTacToe;
		};
/* End PBXContainerItemProxy section */

/* Begin PBXFileReference section */
		54778006249EA6CD00A6CB40 /* TicTacToe.app */ = {isa = PBXFileReference; explicitFileType = wrapper.application; includeInIndex = 0; path = TicTacToe.app; sourceTree = BUILT_PRODUCTS_DIR; };
		54778009249EA6CD00A6CB40 /* AppDelegate.swift */ = {isa = PBXFileReference; lastKnownFileType = sourcecode.swift; path = AppDelegate.swift; sourceTree = "<group>"; };
		54778012249EA6CD00A6CB40 /* Assets.xcassets */ = {isa = PBXFileReference; lastKnownFileType = folder.assetcatalog; path = Assets.xcassets; sourceTree = "<group>"; };
		54778015249EA6CD00A6CB40 /* Base */ = {isa = PBXFileReference; lastKnownFileType = file.storyboard; name = Base; path = Base.lproj/LaunchScreen.storyboard; sourceTree = "<group>"; };
		54778017249EA6CD00A6CB40 /* Info.plist */ = {isa = PBXFileReference; lastKnownFileType = text.plist.xml; path = Info.plist; sourceTree = "<group>"; };
		5477801C249EA6CD00A6CB40 /* TicTacToeTests.xctest */ = {isa = PBXFileReference; explicitFileType = wrapper.cfbundle; includeInIndex = 0; path = TicTacToeTests.xctest; sourceTree = BUILT_PRODUCTS_DIR; };
		54778022249EA6CD00A6CB40 /* Info.plist */ = {isa = PBXFileReference; lastKnownFileType = text.plist.xml; path = Info.plist; sourceTree = "<group>"; };
		54778027249EA6CD00A6CB40 /* TicTacToeUITests.xctest */ = {isa = PBXFileReference; explicitFileType = wrapper.cfbundle; includeInIndex = 0; path = TicTacToeUITests.xctest; sourceTree = BUILT_PRODUCTS_DIR; };
		5477802B249EA6CD00A6CB40 /* TicTacToeUITests.swift */ = {isa = PBXFileReference; lastKnownFileType = sourcecode.swift; path = TicTacToeUITests.swift; sourceTree = "<group>"; };
		5477802D249EA6CD00A6CB40 /* Info.plist */ = {isa = PBXFileReference; lastKnownFileType = text.plist.xml; path = Info.plist; sourceTree = "<group>"; };
		5477806C249EAB9000A6CB40 /* GameViewController.swift */ = {isa = PBXFileReference; lastKnownFileType = sourcecode.swift; path = GameViewController.swift; sourceTree = "<group>"; };
		5477806D249EAB9000A6CB40 /* GameViewController.xib */ = {isa = PBXFileReference; lastKnownFileType = file.xib; path = GameViewController.xib; sourceTree = "<group>"; };
		547780A2249EB43900A6CB40 /* UIStackView+Extensions.swift */ = {isa = PBXFileReference; lastKnownFileType = sourcecode.swift; path = "UIStackView+Extensions.swift"; sourceTree = "<group>"; };
		547780A7249EBB9B00A6CB40 /* GameTests.swift */ = {isa = PBXFileReference; lastKnownFileType = sourcecode.swift; path = GameTests.swift; sourceTree = "<group>"; };
		547780AA249EC04900A6CB40 /* Game.swift */ = {isa = PBXFileReference; lastKnownFileType = sourcecode.swift; path = Game.swift; sourceTree = "<group>"; };
		547780AC249EC1AC00A6CB40 /* Player.swift */ = {isa = PBXFileReference; lastKnownFileType = sourcecode.swift; path = Player.swift; sourceTree = "<group>"; };
		547780AE249EC1BE00A6CB40 /* GameStatusInfo.swift */ = {isa = PBXFileReference; lastKnownFileType = sourcecode.swift; path = GameStatusInfo.swift; sourceTree = "<group>"; };
/* End PBXFileReference section */

/* Begin PBXFrameworksBuildPhase section */
		54778003249EA6CC00A6CB40 /* Frameworks */ = {
			isa = PBXFrameworksBuildPhase;
			buildActionMask = 2147483647;
			files = (
			);
			runOnlyForDeploymentPostprocessing = 0;
		};
		54778019249EA6CD00A6CB40 /* Frameworks */ = {
			isa = PBXFrameworksBuildPhase;
			buildActionMask = 2147483647;
			files = (
			);
			runOnlyForDeploymentPostprocessing = 0;
		};
		54778024249EA6CD00A6CB40 /* Frameworks */ = {
			isa = PBXFrameworksBuildPhase;
			buildActionMask = 2147483647;
			files = (
			);
			runOnlyForDeploymentPostprocessing = 0;
		};
/* End PBXFrameworksBuildPhase section */

/* Begin PBXGroup section */
		54777FFD249EA6CC00A6CB40 = {
			isa = PBXGroup;
			children = (
				54778008249EA6CD00A6CB40 /* TicTacToe */,
				5477801F249EA6CD00A6CB40 /* TicTacToeTests */,
				5477802A249EA6CD00A6CB40 /* TicTacToeUITests */,
				54778007249EA6CD00A6CB40 /* Products */,
			);
			sourceTree = "<group>";
		};
		54778007249EA6CD00A6CB40 /* Products */ = {
			isa = PBXGroup;
			children = (
				54778006249EA6CD00A6CB40 /* TicTacToe.app */,
				5477801C249EA6CD00A6CB40 /* TicTacToeTests.xctest */,
				54778027249EA6CD00A6CB40 /* TicTacToeUITests.xctest */,
			);
			name = Products;
			sourceTree = "<group>";
		};
		54778008249EA6CD00A6CB40 /* TicTacToe */ = {
			isa = PBXGroup;
			children = (
				54778009249EA6CD00A6CB40 /* AppDelegate.swift */,
				54778070249EAB9500A6CB40 /* Game */,
				54778039249EA8E400A6CB40 /* SupportingFiles */,
				547780A4249EB43F00A6CB40 /* Extensions */,
			);
			path = TicTacToe;
			sourceTree = "<group>";
		};
		5477801F249EA6CD00A6CB40 /* TicTacToeTests */ = {
			isa = PBXGroup;
			children = (
				54778022249EA6CD00A6CB40 /* Info.plist */,
				547780A7249EBB9B00A6CB40 /* GameTests.swift */,
			);
			path = TicTacToeTests;
			sourceTree = "<group>";
		};
		5477802A249EA6CD00A6CB40 /* TicTacToeUITests */ = {
			isa = PBXGroup;
			children = (
				5477802B249EA6CD00A6CB40 /* TicTacToeUITests.swift */,
				5477802D249EA6CD00A6CB40 /* Info.plist */,
			);
			path = TicTacToeUITests;
			sourceTree = "<group>";
		};
		54778039249EA8E400A6CB40 /* SupportingFiles */ = {
			isa = PBXGroup;
			children = (
				54778012249EA6CD00A6CB40 /* Assets.xcassets */,
				54778014249EA6CD00A6CB40 /* LaunchScreen.storyboard */,
				54778017249EA6CD00A6CB40 /* Info.plist */,
			);
			path = SupportingFiles;
			sourceTree = "<group>";
		};
		54778070249EAB9500A6CB40 /* Game */ = {
			isa = PBXGroup;
			children = (
				547780AA249EC04900A6CB40 /* Game.swift */,
				547780AC249EC1AC00A6CB40 /* Player.swift */,
				547780AE249EC1BE00A6CB40 /* GameStatusInfo.swift */,
				547780A9249EC03500A6CB40 /* ViewController */,
			);
			path = Game;
			sourceTree = "<group>";
		};
		547780A4249EB43F00A6CB40 /* Extensions */ = {
			isa = PBXGroup;
			children = (
				547780A2249EB43900A6CB40 /* UIStackView+Extensions.swift */,
			);
			path = Extensions;
			sourceTree = "<group>";
		};
		547780A9249EC03500A6CB40 /* ViewController */ = {
			isa = PBXGroup;
			children = (
				5477806C249EAB9000A6CB40 /* GameViewController.swift */,
				5477806D249EAB9000A6CB40 /* GameViewController.xib */,
			);
			path = ViewController;
			sourceTree = "<group>";
		};
/* End PBXGroup section */

/* Begin PBXNativeTarget section */
		54778005249EA6CC00A6CB40 /* TicTacToe */ = {
			isa = PBXNativeTarget;
			buildConfigurationList = 54778030249EA6CD00A6CB40 /* Build configuration list for PBXNativeTarget "TicTacToe" */;
			buildPhases = (
				54778002249EA6CC00A6CB40 /* Sources */,
				54778003249EA6CC00A6CB40 /* Frameworks */,
				54778004249EA6CC00A6CB40 /* Resources */,
			);
			buildRules = (
			);
			dependencies = (
			);
			name = TicTacToe;
			productName = TicTacToe;
			productReference = 54778006249EA6CD00A6CB40 /* TicTacToe.app */;
			productType = "com.apple.product-type.application";
		};
		5477801B249EA6CD00A6CB40 /* TicTacToeTests */ = {
			isa = PBXNativeTarget;
			buildConfigurationList = 54778033249EA6CD00A6CB40 /* Build configuration list for PBXNativeTarget "TicTacToeTests" */;
			buildPhases = (
				54778018249EA6CD00A6CB40 /* Sources */,
				54778019249EA6CD00A6CB40 /* Frameworks */,
				5477801A249EA6CD00A6CB40 /* Resources */,
			);
			buildRules = (
			);
			dependencies = (
				5477801E249EA6CD00A6CB40 /* PBXTargetDependency */,
			);
			name = TicTacToeTests;
			productName = TicTacToeTests;
			productReference = 5477801C249EA6CD00A6CB40 /* TicTacToeTests.xctest */;
			productType = "com.apple.product-type.bundle.unit-test";
		};
		54778026249EA6CD00A6CB40 /* TicTacToeUITests */ = {
			isa = PBXNativeTarget;
			buildConfigurationList = 54778036249EA6CD00A6CB40 /* Build configuration list for PBXNativeTarget "TicTacToeUITests" */;
			buildPhases = (
				54778023249EA6CD00A6CB40 /* Sources */,
				54778024249EA6CD00A6CB40 /* Frameworks */,
				54778025249EA6CD00A6CB40 /* Resources */,
			);
			buildRules = (
			);
			dependencies = (
				54778029249EA6CD00A6CB40 /* PBXTargetDependency */,
			);
			name = TicTacToeUITests;
			productName = TicTacToeUITests;
			productReference = 54778027249EA6CD00A6CB40 /* TicTacToeUITests.xctest */;
			productType = "com.apple.product-type.bundle.ui-testing";
		};
/* End PBXNativeTarget section */

/* Begin PBXProject section */
		54777FFE249EA6CC00A6CB40 /* Project object */ = {
			isa = PBXProject;
			attributes = {
				LastSwiftUpdateCheck = 1130;
				LastUpgradeCheck = 1130;
				ORGANIZATIONNAME = "2020-DEV-075";
				TargetAttributes = {
					54778005249EA6CC00A6CB40 = {
						CreatedOnToolsVersion = 11.3.1;
					};
					5477801B249EA6CD00A6CB40 = {
						CreatedOnToolsVersion = 11.3.1;
						LastSwiftMigration = 1130;
						TestTargetID = 54778005249EA6CC00A6CB40;
					};
					54778026249EA6CD00A6CB40 = {
						CreatedOnToolsVersion = 11.3.1;
						TestTargetID = 54778005249EA6CC00A6CB40;
					};
				};
			};
			buildConfigurationList = 54778001249EA6CC00A6CB40 /* Build configuration list for PBXProject "TicTacToe" */;
			compatibilityVersion = "Xcode 9.3";
			developmentRegion = en;
			hasScannedForEncodings = 0;
			knownRegions = (
				en,
				Base,
			);
			mainGroup = 54777FFD249EA6CC00A6CB40;
			productRefGroup = 54778007249EA6CD00A6CB40 /* Products */;
			projectDirPath = "";
			projectRoot = "";
			targets = (
				54778005249EA6CC00A6CB40 /* TicTacToe */,
				5477801B249EA6CD00A6CB40 /* TicTacToeTests */,
				54778026249EA6CD00A6CB40 /* TicTacToeUITests */,
			);
		};
/* End PBXProject section */

/* Begin PBXResourcesBuildPhase section */
		54778004249EA6CC00A6CB40 /* Resources */ = {
			isa = PBXResourcesBuildPhase;
			buildActionMask = 2147483647;
			files = (
				54778016249EA6CD00A6CB40 /* LaunchScreen.storyboard in Resources */,
				54778013249EA6CD00A6CB40 /* Assets.xcassets in Resources */,
				5477806F249EAB9000A6CB40 /* GameViewController.xib in Resources */,
			);
			runOnlyForDeploymentPostprocessing = 0;
		};
		5477801A249EA6CD00A6CB40 /* Resources */ = {
			isa = PBXResourcesBuildPhase;
			buildActionMask = 2147483647;
			files = (
			);
			runOnlyForDeploymentPostprocessing = 0;
		};
		54778025249EA6CD00A6CB40 /* Resources */ = {
			isa = PBXResourcesBuildPhase;
			buildActionMask = 2147483647;
			files = (
			);
			runOnlyForDeploymentPostprocessing = 0;
		};
/* End PBXResourcesBuildPhase section */

/* Begin PBXSourcesBuildPhase section */
		54778002249EA6CC00A6CB40 /* Sources */ = {
			isa = PBXSourcesBuildPhase;
			buildActionMask = 2147483647;
			files = (
				547780A3249EB43900A6CB40 /* UIStackView+Extensions.swift in Sources */,
				5477806E249EAB9000A6CB40 /* GameViewController.swift in Sources */,
				5477800A249EA6CD00A6CB40 /* AppDelegate.swift in Sources */,
				547780AD249EC1AC00A6CB40 /* Player.swift in Sources */,
				547780AB249EC04900A6CB40 /* Game.swift in Sources */,
				547780AF249EC1BE00A6CB40 /* GameStatusInfo.swift in Sources */,
			);
			runOnlyForDeploymentPostprocessing = 0;
		};
		54778018249EA6CD00A6CB40 /* Sources */ = {
			isa = PBXSourcesBuildPhase;
			buildActionMask = 2147483647;
			files = (
				547780A8249EBB9B00A6CB40 /* GameTests.swift in Sources */,
			);
			runOnlyForDeploymentPostprocessing = 0;
		};
		54778023249EA6CD00A6CB40 /* Sources */ = {
			isa = PBXSourcesBuildPhase;
			buildActionMask = 2147483647;
			files = (
				5477802C249EA6CD00A6CB40 /* TicTacToeUITests.swift in Sources */,
			);
			runOnlyForDeploymentPostprocessing = 0;
		};
/* End PBXSourcesBuildPhase section */

/* Begin PBXTargetDependency section */
		5477801E249EA6CD00A6CB40 /* PBXTargetDependency */ = {
			isa = PBXTargetDependency;
			target = 54778005249EA6CC00A6CB40 /* TicTacToe */;
			targetProxy = 5477801D249EA6CD00A6CB40 /* PBXContainerItemProxy */;
		};
		54778029249EA6CD00A6CB40 /* PBXTargetDependency */ = {
			isa = PBXTargetDependency;
			target = 54778005249EA6CC00A6CB40 /* TicTacToe */;
			targetProxy = 54778028249EA6CD00A6CB40 /* PBXContainerItemProxy */;
		};
/* End PBXTargetDependency section */

/* Begin PBXVariantGroup section */
		54778014249EA6CD00A6CB40 /* LaunchScreen.storyboard */ = {
			isa = PBXVariantGroup;
			children = (
				54778015249EA6CD00A6CB40 /* Base */,
			);
			name = LaunchScreen.storyboard;
			sourceTree = "<group>";
		};
/* End PBXVariantGroup section */

/* Begin XCBuildConfiguration section */
		5477802E249EA6CD00A6CB40 /* Debug */ = {
			isa = XCBuildConfiguration;
			buildSettings = {
				ALWAYS_SEARCH_USER_PATHS = NO;
				CLANG_ANALYZER_NONNULL = YES;
				CLANG_ANALYZER_NUMBER_OBJECT_CONVERSION = YES_AGGRESSIVE;
				CLANG_CXX_LANGUAGE_STANDARD = "gnu++14";
				CLANG_CXX_LIBRARY = "libc++";
				CLANG_ENABLE_MODULES = YES;
				CLANG_ENABLE_OBJC_ARC = YES;
				CLANG_ENABLE_OBJC_WEAK = YES;
				CLANG_WARN_BLOCK_CAPTURE_AUTORELEASING = YES;
				CLANG_WARN_BOOL_CONVERSION = YES;
				CLANG_WARN_COMMA = YES;
				CLANG_WARN_CONSTANT_CONVERSION = YES;
				CLANG_WARN_DEPRECATED_OBJC_IMPLEMENTATIONS = YES;
				CLANG_WARN_DIRECT_OBJC_ISA_USAGE = YES_ERROR;
				CLANG_WARN_DOCUMENTATION_COMMENTS = YES;
				CLANG_WARN_EMPTY_BODY = YES;
				CLANG_WARN_ENUM_CONVERSION = YES;
				CLANG_WARN_INFINITE_RECURSION = YES;
				CLANG_WARN_INT_CONVERSION = YES;
				CLANG_WARN_NON_LITERAL_NULL_CONVERSION = YES;
				CLANG_WARN_OBJC_IMPLICIT_RETAIN_SELF = YES;
				CLANG_WARN_OBJC_LITERAL_CONVERSION = YES;
				CLANG_WARN_OBJC_ROOT_CLASS = YES_ERROR;
				CLANG_WARN_RANGE_LOOP_ANALYSIS = YES;
				CLANG_WARN_STRICT_PROTOTYPES = YES;
				CLANG_WARN_SUSPICIOUS_MOVE = YES;
				CLANG_WARN_UNGUARDED_AVAILABILITY = YES_AGGRESSIVE;
				CLANG_WARN_UNREACHABLE_CODE = YES;
				CLANG_WARN__DUPLICATE_METHOD_MATCH = YES;
				COPY_PHASE_STRIP = NO;
				DEBUG_INFORMATION_FORMAT = dwarf;
				ENABLE_STRICT_OBJC_MSGSEND = YES;
				ENABLE_TESTABILITY = YES;
				GCC_C_LANGUAGE_STANDARD = gnu11;
				GCC_DYNAMIC_NO_PIC = NO;
				GCC_NO_COMMON_BLOCKS = YES;
				GCC_OPTIMIZATION_LEVEL = 0;
				GCC_PREPROCESSOR_DEFINITIONS = (
					"DEBUG=1",
					"$(inherited)",
				);
				GCC_WARN_64_TO_32_BIT_CONVERSION = YES;
				GCC_WARN_ABOUT_RETURN_TYPE = YES_ERROR;
				GCC_WARN_UNDECLARED_SELECTOR = YES;
				GCC_WARN_UNINITIALIZED_AUTOS = YES_AGGRESSIVE;
				GCC_WARN_UNUSED_FUNCTION = YES;
				GCC_WARN_UNUSED_VARIABLE = YES;
				IPHONEOS_DEPLOYMENT_TARGET = 13.2;
				MTL_ENABLE_DEBUG_INFO = INCLUDE_SOURCE;
				MTL_FAST_MATH = YES;
				ONLY_ACTIVE_ARCH = YES;
				SDKROOT = iphoneos;
				SWIFT_ACTIVE_COMPILATION_CONDITIONS = DEBUG;
				SWIFT_OPTIMIZATION_LEVEL = "-Onone";
			};
			name = Debug;
		};
		5477802F249EA6CD00A6CB40 /* Release */ = {
			isa = XCBuildConfiguration;
			buildSettings = {
				ALWAYS_SEARCH_USER_PATHS = NO;
				CLANG_ANALYZER_NONNULL = YES;
				CLANG_ANALYZER_NUMBER_OBJECT_CONVERSION = YES_AGGRESSIVE;
				CLANG_CXX_LANGUAGE_STANDARD = "gnu++14";
				CLANG_CXX_LIBRARY = "libc++";
				CLANG_ENABLE_MODULES = YES;
				CLANG_ENABLE_OBJC_ARC = YES;
				CLANG_ENABLE_OBJC_WEAK = YES;
				CLANG_WARN_BLOCK_CAPTURE_AUTORELEASING = YES;
				CLANG_WARN_BOOL_CONVERSION = YES;
				CLANG_WARN_COMMA = YES;
				CLANG_WARN_CONSTANT_CONVERSION = YES;
				CLANG_WARN_DEPRECATED_OBJC_IMPLEMENTATIONS = YES;
				CLANG_WARN_DIRECT_OBJC_ISA_USAGE = YES_ERROR;
				CLANG_WARN_DOCUMENTATION_COMMENTS = YES;
				CLANG_WARN_EMPTY_BODY = YES;
				CLANG_WARN_ENUM_CONVERSION = YES;
				CLANG_WARN_INFINITE_RECURSION = YES;
				CLANG_WARN_INT_CONVERSION = YES;
				CLANG_WARN_NON_LITERAL_NULL_CONVERSION = YES;
				CLANG_WARN_OBJC_IMPLICIT_RETAIN_SELF = YES;
				CLANG_WARN_OBJC_LITERAL_CONVERSION = YES;
				CLANG_WARN_OBJC_ROOT_CLASS = YES_ERROR;
				CLANG_WARN_RANGE_LOOP_ANALYSIS = YES;
				CLANG_WARN_STRICT_PROTOTYPES = YES;
				CLANG_WARN_SUSPICIOUS_MOVE = YES;
				CLANG_WARN_UNGUARDED_AVAILABILITY = YES_AGGRESSIVE;
				CLANG_WARN_UNREACHABLE_CODE = YES;
				CLANG_WARN__DUPLICATE_METHOD_MATCH = YES;
				COPY_PHASE_STRIP = NO;
				DEBUG_INFORMATION_FORMAT = "dwarf-with-dsym";
				ENABLE_NS_ASSERTIONS = NO;
				ENABLE_STRICT_OBJC_MSGSEND = YES;
				GCC_C_LANGUAGE_STANDARD = gnu11;
				GCC_NO_COMMON_BLOCKS = YES;
				GCC_WARN_64_TO_32_BIT_CONVERSION = YES;
				GCC_WARN_ABOUT_RETURN_TYPE = YES_ERROR;
				GCC_WARN_UNDECLARED_SELECTOR = YES;
				GCC_WARN_UNINITIALIZED_AUTOS = YES_AGGRESSIVE;
				GCC_WARN_UNUSED_FUNCTION = YES;
				GCC_WARN_UNUSED_VARIABLE = YES;
				IPHONEOS_DEPLOYMENT_TARGET = 13.2;
				MTL_ENABLE_DEBUG_INFO = NO;
				MTL_FAST_MATH = YES;
				SDKROOT = iphoneos;
				SWIFT_COMPILATION_MODE = wholemodule;
				SWIFT_OPTIMIZATION_LEVEL = "-O";
				VALIDATE_PRODUCT = YES;
			};
			name = Release;
		};
		54778031249EA6CD00A6CB40 /* Debug */ = {
			isa = XCBuildConfiguration;
			buildSettings = {
				ASSETCATALOG_COMPILER_APPICON_NAME = AppIcon;
				CODE_SIGN_STYLE = Automatic;
				INFOPLIST_FILE = TicTacToe/supportingFiles/Info.plist;
				IPHONEOS_DEPLOYMENT_TARGET = 10.0;
				LD_RUNPATH_SEARCH_PATHS = (
					"$(inherited)",
					"@executable_path/Frameworks",
				);
				PRODUCT_BUNDLE_IDENTIFIER = "com.2020-DEV-075.TicTacToe";
				PRODUCT_NAME = "$(TARGET_NAME)";
				SWIFT_VERSION = 5.0;
				TARGETED_DEVICE_FAMILY = "1,2";
			};
			name = Debug;
		};
		54778032249EA6CD00A6CB40 /* Release */ = {
			isa = XCBuildConfiguration;
			buildSettings = {
				ASSETCATALOG_COMPILER_APPICON_NAME = AppIcon;
				CODE_SIGN_STYLE = Automatic;
				INFOPLIST_FILE = TicTacToe/supportingFiles/Info.plist;
				IPHONEOS_DEPLOYMENT_TARGET = 10.0;
				LD_RUNPATH_SEARCH_PATHS = (
					"$(inherited)",
					"@executable_path/Frameworks",
				);
				PRODUCT_BUNDLE_IDENTIFIER = "com.2020-DEV-075.TicTacToe";
				PRODUCT_NAME = "$(TARGET_NAME)";
				SWIFT_VERSION = 5.0;
				TARGETED_DEVICE_FAMILY = "1,2";
			};
			name = Release;
		};
		54778034249EA6CD00A6CB40 /* Debug */ = {
			isa = XCBuildConfiguration;
			buildSettings = {
				ALWAYS_EMBED_SWIFT_STANDARD_LIBRARIES = YES;
				BUNDLE_LOADER = "$(TEST_HOST)";
				CLANG_ENABLE_MODULES = YES;
				CODE_SIGN_STYLE = Automatic;
				INFOPLIST_FILE = TicTacToeTests/Info.plist;
				IPHONEOS_DEPLOYMENT_TARGET = 13.2;
				LD_RUNPATH_SEARCH_PATHS = (
					"$(inherited)",
					"@executable_path/Frameworks",
					"@loader_path/Frameworks",
				);
				PRODUCT_BUNDLE_IDENTIFIER = "com.2020-DEV-075.TicTacToeTests";
				PRODUCT_NAME = "$(TARGET_NAME)";
				SWIFT_OPTIMIZATION_LEVEL = "-Onone";
				SWIFT_VERSION = 5.0;
				TARGETED_DEVICE_FAMILY = "1,2";
				TEST_HOST = "$(BUILT_PRODUCTS_DIR)/TicTacToe.app/TicTacToe";
			};
			name = Debug;
		};
		54778035249EA6CD00A6CB40 /* Release */ = {
			isa = XCBuildConfiguration;
			buildSettings = {
				ALWAYS_EMBED_SWIFT_STANDARD_LIBRARIES = YES;
				BUNDLE_LOADER = "$(TEST_HOST)";
				CLANG_ENABLE_MODULES = YES;
				CODE_SIGN_STYLE = Automatic;
				INFOPLIST_FILE = TicTacToeTests/Info.plist;
				IPHONEOS_DEPLOYMENT_TARGET = 13.2;
				LD_RUNPATH_SEARCH_PATHS = (
					"$(inherited)",
					"@executable_path/Frameworks",
					"@loader_path/Frameworks",
				);
				PRODUCT_BUNDLE_IDENTIFIER = "com.2020-DEV-075.TicTacToeTests";
				PRODUCT_NAME = "$(TARGET_NAME)";
				SWIFT_VERSION = 5.0;
				TARGETED_DEVICE_FAMILY = "1,2";
				TEST_HOST = "$(BUILT_PRODUCTS_DIR)/TicTacToe.app/TicTacToe";
			};
			name = Release;
		};
		54778037249EA6CD00A6CB40 /* Debug */ = {
			isa = XCBuildConfiguration;
			buildSettings = {
				ALWAYS_EMBED_SWIFT_STANDARD_LIBRARIES = YES;
				CODE_SIGN_STYLE = Automatic;
				INFOPLIST_FILE = TicTacToeUITests/Info.plist;
				LD_RUNPATH_SEARCH_PATHS = (
					"$(inherited)",
					"@executable_path/Frameworks",
					"@loader_path/Frameworks",
				);
				PRODUCT_BUNDLE_IDENTIFIER = "com.2020-DEV-075.TicTacToeUITests";
				PRODUCT_NAME = "$(TARGET_NAME)";
				SWIFT_VERSION = 5.0;
				TARGETED_DEVICE_FAMILY = "1,2";
				TEST_TARGET_NAME = TicTacToe;
			};
			name = Debug;
		};
		54778038249EA6CD00A6CB40 /* Release */ = {
			isa = XCBuildConfiguration;
			buildSettings = {
				ALWAYS_EMBED_SWIFT_STANDARD_LIBRARIES = YES;
				CODE_SIGN_STYLE = Automatic;
				INFOPLIST_FILE = TicTacToeUITests/Info.plist;
				LD_RUNPATH_SEARCH_PATHS = (
					"$(inherited)",
					"@executable_path/Frameworks",
					"@loader_path/Frameworks",
				);
				PRODUCT_BUNDLE_IDENTIFIER = "com.2020-DEV-075.TicTacToeUITests";
				PRODUCT_NAME = "$(TARGET_NAME)";
				SWIFT_VERSION = 5.0;
				TARGETED_DEVICE_FAMILY = "1,2";
				TEST_TARGET_NAME = TicTacToe;
			};
			name = Release;
		};
/* End XCBuildConfiguration section */

/* Begin XCConfigurationList section */
		54778001249EA6CC00A6CB40 /* Build configuration list for PBXProject "TicTacToe" */ = {
			isa = XCConfigurationList;
			buildConfigurations = (
				5477802E249EA6CD00A6CB40 /* Debug */,
				5477802F249EA6CD00A6CB40 /* Release */,
			);
			defaultConfigurationIsVisible = 0;
			defaultConfigurationName = Release;
		};
		54778030249EA6CD00A6CB40 /* Build configuration list for PBXNativeTarget "TicTacToe" */ = {
			isa = XCConfigurationList;
			buildConfigurations = (
				54778031249EA6CD00A6CB40 /* Debug */,
				54778032249EA6CD00A6CB40 /* Release */,
			);
			defaultConfigurationIsVisible = 0;
			defaultConfigurationName = Release;
		};
		54778033249EA6CD00A6CB40 /* Build configuration list for PBXNativeTarget "TicTacToeTests" */ = {
			isa = XCConfigurationList;
			buildConfigurations = (
				54778034249EA6CD00A6CB40 /* Debug */,
				54778035249EA6CD00A6CB40 /* Release */,
			);
			defaultConfigurationIsVisible = 0;
			defaultConfigurationName = Release;
		};
		54778036249EA6CD00A6CB40 /* Build configuration list for PBXNativeTarget "TicTacToeUITests" */ = {
			isa = XCConfigurationList;
			buildConfigurations = (
				54778037249EA6CD00A6CB40 /* Debug */,
				54778038249EA6CD00A6CB40 /* Release */,
			);
			defaultConfigurationIsVisible = 0;
			defaultConfigurationName = Release;
		};
/* End XCConfigurationList section */
	};
	rootObject = 54777FFE249EA6CC00A6CB40 /* Project object */;
}
